// !$*UTF8*$!
{
	archiveVersion = 1;
	classes = {
	};
	objectVersion = 46;
	objects = {

/* Begin PBXBuildFile section */
		99D1E9D41DF573E300AAE553 /* AppDelegate.swift in Sources */ = {isa = PBXBuildFile; fileRef = 99D1E9D31DF573E300AAE553 /* AppDelegate.swift */; };
		99D1E9D61DF573E300AAE553 /* ViewController.swift in Sources */ = {isa = PBXBuildFile; fileRef = 99D1E9D51DF573E300AAE553 /* ViewController.swift */; };
		99D1E9D91DF573E300AAE553 /* Main.storyboard in Resources */ = {isa = PBXBuildFile; fileRef = 99D1E9D71DF573E300AAE553 /* Main.storyboard */; };
		99D1E9DC1DF573E300AAE553 /* TodoBENJAMIN.xcdatamodeld in Sources */ = {isa = PBXBuildFile; fileRef = 99D1E9DA1DF573E300AAE553 /* TodoBENJAMIN.xcdatamodeld */; };
		99D1E9DE1DF573E300AAE553 /* Assets.xcassets in Resources */ = {isa = PBXBuildFile; fileRef = 99D1E9DD1DF573E300AAE553 /* Assets.xcassets */; };
		99D1E9E11DF573E300AAE553 /* LaunchScreen.storyboard in Resources */ = {isa = PBXBuildFile; fileRef = 99D1E9DF1DF573E300AAE553 /* LaunchScreen.storyboard */; };
		99D1E9EC1DF573E300AAE553 /* TodoBENJAMINTests.swift in Sources */ = {isa = PBXBuildFile; fileRef = 99D1E9EB1DF573E300AAE553 /* TodoBENJAMINTests.swift */; };
		99D1E9F71DF573E300AAE553 /* TodoBENJAMINUITests.swift in Sources */ = {isa = PBXBuildFile; fileRef = 99D1E9F61DF573E300AAE553 /* TodoBENJAMINUITests.swift */; };
/* End PBXBuildFile section */

/* Begin PBXContainerItemProxy section */
		99D1E9E81DF573E300AAE553 /* PBXContainerItemProxy */ = {
			isa = PBXContainerItemProxy;
			containerPortal = 99D1E9C81DF573E300AAE553 /* Project object */;
			proxyType = 1;
			remoteGlobalIDString = 99D1E9CF1DF573E300AAE553;
			remoteInfo = TodoBENJAMIN;
		};
		99D1E9F31DF573E300AAE553 /* PBXContainerItemProxy */ = {
			isa = PBXContainerItemProxy;
			containerPortal = 99D1E9C81DF573E300AAE553 /* Project object */;
			proxyType = 1;
			remoteGlobalIDString = 99D1E9CF1DF573E300AAE553;
			remoteInfo = TodoBENJAMIN;
		};
/* End PBXContainerItemProxy section */

/* Begin PBXFileReference section */
		99D1E9D01DF573E300AAE553 /* TodoBENJAMIN.app */ = {isa = PBXFileReference; explicitFileType = wrapper.application; includeInIndex = 0; path = TodoBENJAMIN.app; sourceTree = BUILT_PRODUCTS_DIR; };
		99D1E9D31DF573E300AAE553 /* AppDelegate.swift */ = {isa = PBXFileReference; lastKnownFileType = sourcecode.swift; path = AppDelegate.swift; sourceTree = "<group>"; };
		99D1E9D51DF573E300AAE553 /* ViewController.swift */ = {isa = PBXFileReference; lastKnownFileType = sourcecode.swift; path = ViewController.swift; sourceTree = "<group>"; };
		99D1E9D81DF573E300AAE553 /* Base */ = {isa = PBXFileReference; lastKnownFileType = file.storyboard; name = Base; path = Base.lproj/Main.storyboard; sourceTree = "<group>"; };
		99D1E9DB1DF573E300AAE553 /* TodoBENJAMIN.xcdatamodel */ = {isa = PBXFileReference; lastKnownFileType = wrapper.xcdatamodel; path = TodoBENJAMIN.xcdatamodel; sourceTree = "<group>"; };
		99D1E9DD1DF573E300AAE553 /* Assets.xcassets */ = {isa = PBXFileReference; lastKnownFileType = folder.assetcatalog; path = Assets.xcassets; sourceTree = "<group>"; };
		99D1E9E01DF573E300AAE553 /* Base */ = {isa = PBXFileReference; lastKnownFileType = file.storyboard; name = Base; path = Base.lproj/LaunchScreen.storyboard; sourceTree = "<group>"; };
		99D1E9E21DF573E300AAE553 /* Info.plist */ = {isa = PBXFileReference; lastKnownFileType = text.plist.xml; path = Info.plist; sourceTree = "<group>"; };
		99D1E9E71DF573E300AAE553 /* TodoBENJAMINTests.xctest */ = {isa = PBXFileReference; explicitFileType = wrapper.cfbundle; includeInIndex = 0; path = TodoBENJAMINTests.xctest; sourceTree = BUILT_PRODUCTS_DIR; };
		99D1E9EB1DF573E300AAE553 /* TodoBENJAMINTests.swift */ = {isa = PBXFileReference; lastKnownFileType = sourcecode.swift; path = TodoBENJAMINTests.swift; sourceTree = "<group>"; };
		99D1E9ED1DF573E300AAE553 /* Info.plist */ = {isa = PBXFileReference; lastKnownFileType = text.plist.xml; path = Info.plist; sourceTree = "<group>"; };
		99D1E9F21DF573E300AAE553 /* TodoBENJAMINUITests.xctest */ = {isa = PBXFileReference; explicitFileType = wrapper.cfbundle; includeInIndex = 0; path = TodoBENJAMINUITests.xctest; sourceTree = BUILT_PRODUCTS_DIR; };
		99D1E9F61DF573E300AAE553 /* TodoBENJAMINUITests.swift */ = {isa = PBXFileReference; lastKnownFileType = sourcecode.swift; path = TodoBENJAMINUITests.swift; sourceTree = "<group>"; };
		99D1E9F81DF573E300AAE553 /* Info.plist */ = {isa = PBXFileReference; lastKnownFileType = text.plist.xml; path = Info.plist; sourceTree = "<group>"; };
/* End PBXFileReference section */

/* Begin PBXFrameworksBuildPhase section */
		99D1E9CD1DF573E300AAE553 /* Frameworks */ = {
			isa = PBXFrameworksBuildPhase;
			buildActionMask = 2147483647;
			files = (
			);
			runOnlyForDeploymentPostprocessing = 0;
		};
		99D1E9E41DF573E300AAE553 /* Frameworks */ = {
			isa = PBXFrameworksBuildPhase;
			buildActionMask = 2147483647;
			files = (
			);
			runOnlyForDeploymentPostprocessing = 0;
		};
		99D1E9EF1DF573E300AAE553 /* Frameworks */ = {
			isa = PBXFrameworksBuildPhase;
			buildActionMask = 2147483647;
			files = (
			);
			runOnlyForDeploymentPostprocessing = 0;
		};
/* End PBXFrameworksBuildPhase section */

/* Begin PBXGroup section */
		99D1E9C71DF573E300AAE553 = {
			isa = PBXGroup;
			children = (
				99D1E9D21DF573E300AAE553 /* TodoBENJAMIN */,
				99D1E9EA1DF573E300AAE553 /* TodoBENJAMINTests */,
				99D1E9F51DF573E300AAE553 /* TodoBENJAMINUITests */,
				99D1E9D11DF573E300AAE553 /* Products */,
			);
			sourceTree = "<group>";
		};
		99D1E9D11DF573E300AAE553 /* Products */ = {
			isa = PBXGroup;
			children = (
				99D1E9D01DF573E300AAE553 /* TodoBENJAMIN.app */,
				99D1E9E71DF573E300AAE553 /* TodoBENJAMINTests.xctest */,
				99D1E9F21DF573E300AAE553 /* TodoBENJAMINUITests.xctest */,
			);
			name = Products;
			sourceTree = "<group>";
		};
		99D1E9D21DF573E300AAE553 /* TodoBENJAMIN */ = {
			isa = PBXGroup;
			children = (
				99D1E9D31DF573E300AAE553 /* AppDelegate.swift */,
				99D1E9D51DF573E300AAE553 /* ViewController.swift */,
				99D1E9D71DF573E300AAE553 /* Main.storyboard */,
				99D1E9DD1DF573E300AAE553 /* Assets.xcassets */,
				99D1E9DF1DF573E300AAE553 /* LaunchScreen.storyboard */,
				99D1E9E21DF573E300AAE553 /* Info.plist */,
				99D1E9DA1DF573E300AAE553 /* TodoBENJAMIN.xcdatamodeld */,
			);
			path = TodoBENJAMIN;
			sourceTree = "<group>";
		};
		99D1E9EA1DF573E300AAE553 /* TodoBENJAMINTests */ = {
			isa = PBXGroup;
			children = (
				99D1E9EB1DF573E300AAE553 /* TodoBENJAMINTests.swift */,
				99D1E9ED1DF573E300AAE553 /* Info.plist */,
			);
			path = TodoBENJAMINTests;
			sourceTree = "<group>";
		};
		99D1E9F51DF573E300AAE553 /* TodoBENJAMINUITests */ = {
			isa = PBXGroup;
			children = (
				99D1E9F61DF573E300AAE553 /* TodoBENJAMINUITests.swift */,
				99D1E9F81DF573E300AAE553 /* Info.plist */,
			);
			path = TodoBENJAMINUITests;
			sourceTree = "<group>";
		};
/* End PBXGroup section */

/* Begin PBXNativeTarget section */
		99D1E9CF1DF573E300AAE553 /* TodoBENJAMIN */ = {
			isa = PBXNativeTarget;
			buildConfigurationList = 99D1E9FB1DF573E300AAE553 /* Build configuration list for PBXNativeTarget "TodoBENJAMIN" */;
			buildPhases = (
				99D1E9CC1DF573E300AAE553 /* Sources */,
				99D1E9CD1DF573E300AAE553 /* Frameworks */,
				99D1E9CE1DF573E300AAE553 /* Resources */,
			);
			buildRules = (
			);
			dependencies = (
			);
			name = TodoBENJAMIN;
			productName = TodoBENJAMIN;
			productReference = 99D1E9D01DF573E300AAE553 /* TodoBENJAMIN.app */;
			productType = "com.apple.product-type.application";
		};
		99D1E9E61DF573E300AAE553 /* TodoBENJAMINTests */ = {
			isa = PBXNativeTarget;
			buildConfigurationList = 99D1E9FE1DF573E300AAE553 /* Build configuration list for PBXNativeTarget "TodoBENJAMINTests" */;
			buildPhases = (
				99D1E9E31DF573E300AAE553 /* Sources */,
				99D1E9E41DF573E300AAE553 /* Frameworks */,
				99D1E9E51DF573E300AAE553 /* Resources */,
			);
			buildRules = (
			);
			dependencies = (
				99D1E9E91DF573E300AAE553 /* PBXTargetDependency */,
			);
			name = TodoBENJAMINTests;
			productName = TodoBENJAMINTests;
			productReference = 99D1E9E71DF573E300AAE553 /* TodoBENJAMINTests.xctest */;
			productType = "com.apple.product-type.bundle.unit-test";
		};
		99D1E9F11DF573E300AAE553 /* TodoBENJAMINUITests */ = {
			isa = PBXNativeTarget;
			buildConfigurationList = 99D1EA011DF573E300AAE553 /* Build configuration list for PBXNativeTarget "TodoBENJAMINUITests" */;
			buildPhases = (
				99D1E9EE1DF573E300AAE553 /* Sources */,
				99D1E9EF1DF573E300AAE553 /* Frameworks */,
				99D1E9F01DF573E300AAE553 /* Resources */,
			);
			buildRules = (
			);
			dependencies = (
				99D1E9F41DF573E300AAE553 /* PBXTargetDependency */,
			);
			name = TodoBENJAMINUITests;
			productName = TodoBENJAMINUITests;
			productReference = 99D1E9F21DF573E300AAE553 /* TodoBENJAMINUITests.xctest */;
			productType = "com.apple.product-type.bundle.ui-testing";
		};
/* End PBXNativeTarget section */

/* Begin PBXProject section */
		99D1E9C81DF573E300AAE553 /* Project object */ = {
			isa = PBXProject;
			attributes = {
				LastSwiftUpdateCheck = 0810;
				LastUpgradeCheck = 0810;
				ORGANIZATIONNAME = "Benjamin Nussbaumer";
				TargetAttributes = {
					99D1E9CF1DF573E300AAE553 = {
						CreatedOnToolsVersion = 8.1;
						ProvisioningStyle = Automatic;
					};
					99D1E9E61DF573E300AAE553 = {
						CreatedOnToolsVersion = 8.1;
						ProvisioningStyle = Automatic;
						TestTargetID = 99D1E9CF1DF573E300AAE553;
					};
					99D1E9F11DF573E300AAE553 = {
						CreatedOnToolsVersion = 8.1;
						ProvisioningStyle = Automatic;
						TestTargetID = 99D1E9CF1DF573E300AAE553;
					};
				};
			};
			buildConfigurationList = 99D1E9CB1DF573E300AAE553 /* Build configuration list for PBXProject "TodoBENJAMIN" */;
			compatibilityVersion = "Xcode 3.2";
			developmentRegion = English;
			hasScannedForEncodings = 0;
			knownRegions = (
				en,
				Base,
			);
			mainGroup = 99D1E9C71DF573E300AAE553;
			productRefGroup = 99D1E9D11DF573E300AAE553 /* Products */;
			projectDirPath = "";
			projectRoot = "";
			targets = (
				99D1E9CF1DF573E300AAE553 /* TodoBENJAMIN */,
				99D1E9E61DF573E300AAE553 /* TodoBENJAMINTests */,
				99D1E9F11DF573E300AAE553 /* TodoBENJAMINUITests */,
			);
		};
/* End PBXProject section */

/* Begin PBXResourcesBuildPhase section */
		99D1E9CE1DF573E300AAE553 /* Resources */ = {
			isa = PBXResourcesBuildPhase;
			buildActionMask = 2147483647;
			files = (
				99D1E9E11DF573E300AAE553 /* LaunchScreen.storyboard in Resources */,
				99D1E9DE1DF573E300AAE553 /* Assets.xcassets in Resources */,
				99D1E9D91DF573E300AAE553 /* Main.storyboard in Resources */,
			);
			runOnlyForDeploymentPostprocessing = 0;
		};
		99D1E9E51DF573E300AAE553 /* Resources */ = {
			isa = PBXResourcesBuildPhase;
			buildActionMask = 2147483647;
			files = (
			);
			runOnlyForDeploymentPostprocessing = 0;
		};
		99D1E9F01DF573E300AAE553 /* Resources */ = {
			isa = PBXResourcesBuildPhase;
			buildActionMask = 2147483647;
			files = (
			);
			runOnlyForDeploymentPostprocessing = 0;
		};
/* End PBXResourcesBuildPhase section */

/* Begin PBXSourcesBuildPhase section */
		99D1E9CC1DF573E300AAE553 /* Sources */ = {
			isa = PBXSourcesBuildPhase;
			buildActionMask = 2147483647;
			files = (
				99D1E9D61DF573E300AAE553 /* ViewController.swift in Sources */,
				99D1E9DC1DF573E300AAE553 /* TodoBENJAMIN.xcdatamodeld in Sources */,
				99D1E9D41DF573E300AAE553 /* AppDelegate.swift in Sources */,
			);
			runOnlyForDeploymentPostprocessing = 0;
		};
		99D1E9E31DF573E300AAE553 /* Sources */ = {
			isa = PBXSourcesBuildPhase;
			buildActionMask = 2147483647;
			files = (
				99D1E9EC1DF573E300AAE553 /* TodoBENJAMINTests.swift in Sources */,
			);
			runOnlyForDeploymentPostprocessing = 0;
		};
		99D1E9EE1DF573E300AAE553 /* Sources */ = {
			isa = PBXSourcesBuildPhase;
			buildActionMask = 2147483647;
			files = (
				99D1E9F71DF573E300AAE553 /* TodoBENJAMINUITests.swift in Sources */,
			);
			runOnlyForDeploymentPostprocessing = 0;
		};
/* End PBXSourcesBuildPhase section */

/* Begin PBXTargetDependency section */
		99D1E9E91DF573E300AAE553 /* PBXTargetDependency */ = {
			isa = PBXTargetDependency;
			target = 99D1E9CF1DF573E300AAE553 /* TodoBENJAMIN */;
			targetProxy = 99D1E9E81DF573E300AAE553 /* PBXContainerItemProxy */;
		};
		99D1E9F41DF573E300AAE553 /* PBXTargetDependency */ = {
			isa = PBXTargetDependency;
			target = 99D1E9CF1DF573E300AAE553 /* TodoBENJAMIN */;
			targetProxy = 99D1E9F31DF573E300AAE553 /* PBXContainerItemProxy */;
		};
/* End PBXTargetDependency section */

/* Begin PBXVariantGroup section */
		99D1E9D71DF573E300AAE553 /* Main.storyboard */ = {
			isa = PBXVariantGroup;
			children = (
				99D1E9D81DF573E300AAE553 /* Base */,
			);
			name = Main.storyboard;
			sourceTree = "<group>";
		};
		99D1E9DF1DF573E300AAE553 /* LaunchScreen.storyboard */ = {
			isa = PBXVariantGroup;
			children = (
				99D1E9E01DF573E300AAE553 /* Base */,
			);
			name = LaunchScreen.storyboard;
			sourceTree = "<group>";
		};
/* End PBXVariantGroup section */

/* Begin XCBuildConfiguration section */
		99D1E9F91DF573E300AAE553 /* Debug */ = {
			isa = XCBuildConfiguration;
			buildSettings = {
				ALWAYS_SEARCH_USER_PATHS = NO;
				CLANG_ANALYZER_NONNULL = YES;
				CLANG_CXX_LANGUAGE_STANDARD = "gnu++0x";
				CLANG_CXX_LIBRARY = "libc++";
				CLANG_ENABLE_MODULES = YES;
				CLANG_ENABLE_OBJC_ARC = YES;
				CLANG_WARN_BOOL_CONVERSION = YES;
				CLANG_WARN_CONSTANT_CONVERSION = YES;
				CLANG_WARN_DIRECT_OBJC_ISA_USAGE = YES_ERROR;
				CLANG_WARN_DOCUMENTATION_COMMENTS = YES;
				CLANG_WARN_EMPTY_BODY = YES;
				CLANG_WARN_ENUM_CONVERSION = YES;
				CLANG_WARN_INFINITE_RECURSION = YES;
				CLANG_WARN_INT_CONVERSION = YES;
				CLANG_WARN_OBJC_ROOT_CLASS = YES_ERROR;
				CLANG_WARN_SUSPICIOUS_MOVES = YES;
				CLANG_WARN_UNREACHABLE_CODE = YES;
				CLANG_WARN__DUPLICATE_METHOD_MATCH = YES;
				"CODE_SIGN_IDENTITY[sdk=iphoneos*]" = "iPhone Developer";
				COPY_PHASE_STRIP = NO;
				DEBUG_INFORMATION_FORMAT = dwarf;
				ENABLE_STRICT_OBJC_MSGSEND = YES;
				ENABLE_TESTABILITY = YES;
				GCC_C_LANGUAGE_STANDARD = gnu99;
				GCC_DYNAMIC_NO_PIC = NO;
				GCC_NO_COMMON_BLOCKS = YES;
				GCC_OPTIMIZATION_LEVEL = 0;
				GCC_PREPROCESSOR_DEFINITIONS = (
					"DEBUG=1",
					"$(inherited)",
				);
				GCC_WARN_64_TO_32_BIT_CONVERSION = YES;
				GCC_WARN_ABOUT_RETURN_TYPE = YES_ERROR;
				GCC_WARN_UNDECLARED_SELECTOR = YES;
				GCC_WARN_UNINITIALIZED_AUTOS = YES_AGGRESSIVE;
				GCC_WARN_UNUSED_FUNCTION = YES;
				GCC_WARN_UNUSED_VARIABLE = YES;
				IPHONEOS_DEPLOYMENT_TARGET = 10.1;
				MTL_ENABLE_DEBUG_INFO = YES;
				ONLY_ACTIVE_ARCH = YES;
				SDKROOT = iphoneos;
				SWIFT_ACTIVE_COMPILATION_CONDITIONS = DEBUG;
				SWIFT_OPTIMIZATION_LEVEL = "-Onone";
				TARGETED_DEVICE_FAMILY = "1,2";
			};
			name = Debug;
		};
		99D1E9FA1DF573E300AAE553 /* Release */ = {
			isa = XCBuildConfiguration;
			buildSettings = {
				ALWAYS_SEARCH_USER_PATHS = NO;
				CLANG_ANALYZER_NONNULL = YES;
				CLANG_CXX_LANGUAGE_STANDARD = "gnu++0x";
				CLANG_CXX_LIBRARY = "libc++";
				CLANG_ENABLE_MODULES = YES;
				CLANG_ENABLE_OBJC_ARC = YES;
				CLANG_WARN_BOOL_CONVERSION = YES;
				CLANG_WARN_CONSTANT_CONVERSION = YES;
				CLANG_WARN_DIRECT_OBJC_ISA_USAGE = YES_ERROR;
				CLANG_WARN_DOCUMENTATION_COMMENTS = YES;
				CLANG_WARN_EMPTY_BODY = YES;
				CLANG_WARN_ENUM_CONVERSION = YES;
				CLANG_WARN_INFINITE_RECURSION = YES;
				CLANG_WARN_INT_CONVERSION = YES;
				CLANG_WARN_OBJC_ROOT_CLASS = YES_ERROR;
				CLANG_WARN_SUSPICIOUS_MOVES = YES;
				CLANG_WARN_UNREACHABLE_CODE = YES;
				CLANG_WARN__DUPLICATE_METHOD_MATCH = YES;
				"CODE_SIGN_IDENTITY[sdk=iphoneos*]" = "iPhone Developer";
				COPY_PHASE_STRIP = NO;
				DEBUG_INFORMATION_FORMAT = "dwarf-with-dsym";
				ENABLE_NS_ASSERTIONS = NO;
				ENABLE_STRICT_OBJC_MSGSEND = YES;
				GCC_C_LANGUAGE_STANDARD = gnu99;
				GCC_NO_COMMON_BLOCKS = YES;
				GCC_WARN_64_TO_32_BIT_CONVERSION = YES;
				GCC_WARN_ABOUT_RETURN_TYPE = YES_ERROR;
				GCC_WARN_UNDECLARED_SELECTOR = YES;
				GCC_WARN_UNINITIALIZED_AUTOS = YES_AGGRESSIVE;
				GCC_WARN_UNUSED_FUNCTION = YES;
				GCC_WARN_UNUSED_VARIABLE = YES;
				IPHONEOS_DEPLOYMENT_TARGET = 10.1;
				MTL_ENABLE_DEBUG_INFO = NO;
				SDKROOT = iphoneos;
				SWIFT_OPTIMIZATION_LEVEL = "-Owholemodule";
				TARGETED_DEVICE_FAMILY = "1,2";
				VALIDATE_PRODUCT = YES;
			};
			name = Release;
		};
		99D1E9FC1DF573E300AAE553 /* Debug */ = {
			isa = XCBuildConfiguration;
			buildSettings = {
				ASSETCATALOG_COMPILER_APPICON_NAME = AppIcon;
				INFOPLIST_FILE = TodoBENJAMIN/Info.plist;
				LD_RUNPATH_SEARCH_PATHS = "$(inherited) @executable_path/Frameworks";
				PRODUCT_BUNDLE_IDENTIFIER = dschool.TodoBENJAMIN;
				PRODUCT_NAME = "$(TARGET_NAME)";
				SWIFT_VERSION = 3.0;
			};
			name = Debug;
		};
		99D1E9FD1DF573E300AAE553 /* Release */ = {
			isa = XCBuildConfiguration;
			buildSettings = {
				ASSETCATALOG_COMPILER_APPICON_NAME = AppIcon;
				INFOPLIST_FILE = TodoBENJAMIN/Info.plist;
				LD_RUNPATH_SEARCH_PATHS = "$(inherited) @executable_path/Frameworks";
				PRODUCT_BUNDLE_IDENTIFIER = dschool.TodoBENJAMIN;
				PRODUCT_NAME = "$(TARGET_NAME)";
				SWIFT_VERSION = 3.0;
			};
			name = Release;
		};
		99D1E9FF1DF573E300AAE553 /* Debug */ = {
			isa = XCBuildConfiguration;
			buildSettings = {
				ALWAYS_EMBED_SWIFT_STANDARD_LIBRARIES = YES;
				BUNDLE_LOADER = "$(TEST_HOST)";
				INFOPLIST_FILE = TodoBENJAMINTests/Info.plist;
				LD_RUNPATH_SEARCH_PATHS = "$(inherited) @executable_path/Frameworks @loader_path/Frameworks";
				PRODUCT_BUNDLE_IDENTIFIER = dschool.TodoBENJAMINTests;
				PRODUCT_NAME = "$(TARGET_NAME)";
				SWIFT_VERSION = 3.0;
				TEST_HOST = "$(BUILT_PRODUCTS_DIR)/TodoBENJAMIN.app/TodoBENJAMIN";
			};
			name = Debug;
		};
		99D1EA001DF573E300AAE553 /* Release */ = {
			isa = XCBuildConfiguration;
			buildSettings = {
				ALWAYS_EMBED_SWIFT_STANDARD_LIBRARIES = YES;
				BUNDLE_LOADER = "$(TEST_HOST)";
				INFOPLIST_FILE = TodoBENJAMINTests/Info.plist;
				LD_RUNPATH_SEARCH_PATHS = "$(inherited) @executable_path/Frameworks @loader_path/Frameworks";
				PRODUCT_BUNDLE_IDENTIFIER = dschool.TodoBENJAMINTests;
				PRODUCT_NAME = "$(TARGET_NAME)";
				SWIFT_VERSION = 3.0;
				TEST_HOST = "$(BUILT_PRODUCTS_DIR)/TodoBENJAMIN.app/TodoBENJAMIN";
			};
			name = Release;
		};
		99D1EA021DF573E300AAE553 /* Debug */ = {
			isa = XCBuildConfiguration;
			buildSettings = {
				ALWAYS_EMBED_SWIFT_STANDARD_LIBRARIES = YES;
				INFOPLIST_FILE = TodoBENJAMINUITests/Info.plist;
				LD_RUNPATH_SEARCH_PATHS = "$(inherited) @executable_path/Frameworks @loader_path/Frameworks";
				PRODUCT_BUNDLE_IDENTIFIER = dschool.TodoBENJAMINUITests;
				PRODUCT_NAME = "$(TARGET_NAME)";
				SWIFT_VERSION = 3.0;
				TEST_TARGET_NAME = TodoBENJAMIN;
			};
			name = Debug;
		};
		99D1EA031DF573E300AAE553 /* Release */ = {
			isa = XCBuildConfiguration;
			buildSettings = {
				ALWAYS_EMBED_SWIFT_STANDARD_LIBRARIES = YES;
				INFOPLIST_FILE = TodoBENJAMINUITests/Info.plist;
				LD_RUNPATH_SEARCH_PATHS = "$(inherited) @executable_path/Frameworks @loader_path/Frameworks";
				PRODUCT_BUNDLE_IDENTIFIER = dschool.TodoBENJAMINUITests;
				PRODUCT_NAME = "$(TARGET_NAME)";
				SWIFT_VERSION = 3.0;
				TEST_TARGET_NAME = TodoBENJAMIN;
			};
			name = Release;
		};
/* End XCBuildConfiguration section */

/* Begin XCConfigurationList section */
		99D1E9CB1DF573E300AAE553 /* Build configuration list for PBXProject "TodoBENJAMIN" */ = {
			isa = XCConfigurationList;
			buildConfigurations = (
				99D1E9F91DF573E300AAE553 /* Debug */,
				99D1E9FA1DF573E300AAE553 /* Release */,
			);
			defaultConfigurationIsVisible = 0;
			defaultConfigurationName = Release;
		};
		99D1E9FB1DF573E300AAE553 /* Build configuration list for PBXNativeTarget "TodoBENJAMIN" */ = {
			isa = XCConfigurationList;
			buildConfigurations = (
				99D1E9FC1DF573E300AAE553 /* Debug */,
				99D1E9FD1DF573E300AAE553 /* Release */,
			);
			defaultConfigurationIsVisible = 0;
		};
		99D1E9FE1DF573E300AAE553 /* Build configuration list for PBXNativeTarget "TodoBENJAMINTests" */ = {
			isa = XCConfigurationList;
			buildConfigurations = (
				99D1E9FF1DF573E300AAE553 /* Debug */,
				99D1EA001DF573E300AAE553 /* Release */,
			);
			defaultConfigurationIsVisible = 0;
		};
		99D1EA011DF573E300AAE553 /* Build configuration list for PBXNativeTarget "TodoBENJAMINUITests" */ = {
			isa = XCConfigurationList;
			buildConfigurations = (
				99D1EA021DF573E300AAE553 /* Debug */,
				99D1EA031DF573E300AAE553 /* Release */,
			);
			defaultConfigurationIsVisible = 0;
		};
/* End XCConfigurationList section */

/* Begin XCVersionGroup section */
		99D1E9DA1DF573E300AAE553 /* TodoBENJAMIN.xcdatamodeld */ = {
			isa = XCVersionGroup;
			children = (
				99D1E9DB1DF573E300AAE553 /* TodoBENJAMIN.xcdatamodel */,
			);
			currentVersion = 99D1E9DB1DF573E300AAE553 /* TodoBENJAMIN.xcdatamodel */;
			path = TodoBENJAMIN.xcdatamodeld;
			sourceTree = "<group>";
			versionGroupType = wrapper.xcdatamodel;
		};
/* End XCVersionGroup section */
	};
	rootObject = 99D1E9C81DF573E300AAE553 /* Project object */;
}
